hash: f12bc5a2c859f02045e243c99d9c4b146332ad2faf7177198d9b5c2253d9a33b
updated: 2017-01-30T21:58:37.2040098+01:00
imports:
- name: github.com/atrox/box
  version: 3dc37d159ab1baa7f7d7031778de804aad81d13d
- name: github.com/equinox-io/equinox
  version: 6f97d0d3970881d3e53dd6f547a41109eb055e54
  subpackages:
  - internal/go-update
  - internal/go-update/internal/binarydist
  - internal/go-update/internal/osext
  - internal/osext
  - proto
- name: github.com/mitchellh/go-homedir
  version: b8bc1bf767474819792c23f32d8286a45736f1c6
- name: github.com/urfave/cli
  version: e485446237011b8abac93919242e6f059ad56c87
- name: gopkg.in/yaml.v2
  version: 4c78c975fe7c825c6d1466c42be594d1d6f3aba6
testImports: []
