# This file is autogenerated, do not edit; changes may be undone by the next 'dep ensure'.


[[projects]]
  branch = "master"
  name = "github.com/atrox/box"
  packages = ["."]
  revision = "3dc37d159ab1baa7f7d7031778de804aad81d13d"

[[projects]]
  branch = "master"
  name = "github.com/equinox-io/equinox"
  packages = [".","internal/go-update","internal/go-update/internal/binarydist","internal/go-update/internal/osext","internal/osext","proto"]
  revision = "6f97d0d3970881d3e53dd6f547a41109eb055e54"

[[projects]]
  branch = "master"
  name = "github.com/mitchellh/go-homedir"
  packages = ["."]
  revision = "b8bc1bf767474819792c23f32d8286a45736f1c6"

[[projects]]
  branch = "v2"
  name = "github.com/urfave/cli"
  packages = ["."]
  revision = "61c3eb6ba1da1df17cd50f1456a9252d92bf5edd"

[[projects]]
  branch = "v2"
  name = "gopkg.in/yaml.v2"
  packages = ["."]
  revision = "cd8b52f8269e0feb286dfeef29f8fe4d5b397e0b"

[solve-meta]
  analyzer-name = "dep"
  analyzer-version = 1
  inputs-digest = "7319160550b1f9c8a4932d37ca8982a0a7e3f04a4b9d4222a1319afca3964d1a"
  solver-name = "gps-cdcl"
  solver-version = 1
