# This file is autogenerated, do not edit; changes may be undone by the next 'dep ensure'.


[[projects]]
  branch = "master"
  name = "github.com/atrox/box"
  packages = ["."]
  revision = "3dc37d159ab1baa7f7d7031778de804aad81d13d"

[[projects]]
  name = "github.com/atrox/homedir"
  packages = ["."]
  revision = "06c445c1ff71259ff8653dd17941b062b4c7f457"
  version = "v1.0.0"

[[projects]]
  name = "github.com/atrox/input"
  packages = ["."]
  revision = "cf17a3100f6734c87c83e4e939e1255901c6207e"
  version = "v1.1.0"

[[projects]]
  name = "github.com/atrox/store"
  packages = ["."]
  revision = "0961c830bdaf233224b8861f7a65f8c9e11db423"
  version = "v1.0.1"

[[projects]]
  branch = "master"
  name = "github.com/equinox-io/equinox"
  packages = [".","internal/go-update","internal/go-update/internal/binarydist","internal/go-update/internal/osext","internal/osext","proto"]
  revision = "f24972fa72facf59d05c91c848b65eac38815915"

[[projects]]
  branch = "v2"
  name = "github.com/urfave/cli"
  packages = ["."]
  revision = "b2bf3c5abeb90da407891aecd1df2c5a1f6170c1"

[[projects]]
  branch = "v2"
  name = "gopkg.in/yaml.v2"
  packages = ["."]
  revision = "eb3733d160e74a9c7e442f435eb3bea458e1d19f"

[solve-meta]
  analyzer-name = "dep"
  analyzer-version = 1
  inputs-digest = "9321fa9c5df11da6d3ee0d88476b21aab5460ed90082475980b17acf8bb7bab4"
  solver-name = "gps-cdcl"
  solver-version = 1
